
Microsoft Visual Studio Solution File, Format Version 12.00
# Visual Studio 15
VisualStudioVersion = 15.0.26228.4
MinimumVisualStudioVersion = 10.0.40219.1
Project("{FAE04EC0-301F-11D3-BF4B-00C04F79EFBC}") = "ZookeeperDemo1", "ZookeeperDemo1\ZookeeperDemo1.csproj", "{6FC31034-52D7-4A6A-AFF4-169F70ED90EB}"
EndProject
Project("{FAE04EC0-301F-11D3-BF4B-00C04F79EFBC}") = "ZooKeepr_Lock", "ZooKeepr_Lock\ZooKeepr_Lock.csproj", "{385D46F0-86D9-42BC-B823-2A9DAAF13BEB}"
EndProject
Project("{FAE04EC0-301F-11D3-BF4B-00C04F79EFBC}") = "ZookeeperDemo2", "ZookeeperDemo2\ZookeeperDemo2.csproj", "{FE2512E7-A144-462C-984C-09E01197C126}"
EndProject
Global
	GlobalSection(SolutionConfigurationPlatforms) = preSolution
		Debug|Any CPU = Debug|Any CPU
		Release|Any CPU = Release|Any CPU
	EndGlobalSection
	GlobalSection(ProjectConfigurationPlatforms) = postSolution
		{6FC31034-52D7-4A6A-AFF4-169F70ED90EB}.Debug|Any CPU.ActiveCfg = Debug|Any CPU
		{6FC31034-52D7-4A6A-AFF4-169F70ED90EB}.Debug|Any CPU.Build.0 = Debug|Any CPU
		{6FC31034-52D7-4A6A-AFF4-169F70ED90EB}.Release|Any CPU.ActiveCfg = Release|Any CPU
		{6FC31034-52D7-4A6A-AFF4-169F70ED90EB}.Release|Any CPU.Build.0 = Release|Any CPU
		{385D46F0-86D9-42BC-B823-2A9DAAF13BEB}.Debug|Any CPU.ActiveCfg = Debug|Any CPU
		{385D46F0-86D9-42BC-B823-2A9DAAF13BEB}.Debug|Any CPU.Build.0 = Debug|Any CPU
		{385D46F0-86D9-42BC-B823-2A9DAAF13BEB}.Release|Any CPU.ActiveCfg = Release|Any CPU
		{385D46F0-86D9-42BC-B823-2A9DAAF13BEB}.Release|Any CPU.Build.0 = Release|Any CPU
		{FE2512E7-A144-462C-984C-09E01197C126}.Debug|Any CPU.ActiveCfg = Debug|Any CPU
		{FE2512E7-A144-462C-984C-09E01197C126}.Debug|Any CPU.Build.0 = Debug|Any CPU
		{FE2512E7-A144-462C-984C-09E01197C126}.Release|Any CPU.ActiveCfg = Release|Any CPU
		{FE2512E7-A144-462C-984C-09E01197C126}.Release|Any CPU.Build.0 = Release|Any CPU
	EndGlobalSection
	GlobalSection(SolutionProperties) = preSolution
		HideSolutionNode = FALSE
	EndGlobalSection
EndGlobal
